dependencies:
- name: retail-store-sample-cart-chart
  repository: file://../../cart/chart
  version: 1.2.3
- name: retail-store-sample-catalog-chart
  repository: file://../../catalog/chart
  version: 1.2.3
- name: retail-store-sample-checkout-chart
  repository: file://../../checkout/chart
  version: 1.2.3
- name: retail-store-sample-orders-chart
  repository: file://../../orders/chart
  version: 1.2.3
digest: sha256:1ab7ce662d3843ff0b6384fdb74fb5f83e742a5c71bc0bbebaf2eb23c0f90f41
generated: "2025-08-10T20:36:21.157865-05:00"
